// !$*UTF8*$!
{
	archiveVersion = 1;
	classes = {
	};
	objectVersion = 46;
	objects = {

/* Begin PBXBuildFile section */
		5A44996F1C7EA2E3002B31C8 /* AppDelegate.swift in Sources */ = {isa = PBXBuildFile; fileRef = 5A44996E1C7EA2E3002B31C8 /* AppDelegate.swift */; };
		5A4499711C7EA2E3002B31C8 /* ViewController.swift in Sources */ = {isa = PBXBuildFile; fileRef = 5A4499701C7EA2E3002B31C8 /* ViewController.swift */; };
		5A4499741C7EA2E3002B31C8 /* Main.storyboard in Resources */ = {isa = PBXBuildFile; fileRef = 5A4499721C7EA2E3002B31C8 /* Main.storyboard */; };
		5A4499761C7EA2E3002B31C8 /* Assets.xcassets in Resources */ = {isa = PBXBuildFile; fileRef = 5A4499751C7EA2E3002B31C8 /* Assets.xcassets */; };
		5A4499791C7EA2E3002B31C8 /* LaunchScreen.storyboard in Resources */ = {isa = PBXBuildFile; fileRef = 5A4499771C7EA2E3002B31C8 /* LaunchScreen.storyboard */; };
		5A4499841C7EA2E3002B31C8 /* TumblrTests.swift in Sources */ = {isa = PBXBuildFile; fileRef = 5A4499831C7EA2E3002B31C8 /* TumblrTests.swift */; };
		5A44998F1C7EA2E3002B31C8 /* TumblrUITests.swift in Sources */ = {isa = PBXBuildFile; fileRef = 5A44998E1C7EA2E3002B31C8 /* TumblrUITests.swift */; };
		5A44999D1C7EA3AB002B31C8 /* TapBarViewController.swift in Sources */ = {isa = PBXBuildFile; fileRef = 5A44999C1C7EA3AB002B31C8 /* TapBarViewController.swift */; };
		5A44999F1C7EA6F5002B31C8 /* HomeViewController.swift in Sources */ = {isa = PBXBuildFile; fileRef = 5A44999E1C7EA6F5002B31C8 /* HomeViewController.swift */; };
		5A4499A11C7EA9C3002B31C8 /* SearchViewController.swift in Sources */ = {isa = PBXBuildFile; fileRef = 5A4499A01C7EA9C3002B31C8 /* SearchViewController.swift */; };
		5A4499A31C7EAA15002B31C8 /* ComposeViewController.swift in Sources */ = {isa = PBXBuildFile; fileRef = 5A4499A21C7EAA15002B31C8 /* ComposeViewController.swift */; };
		5A4499A51C7EAEAF002B31C8 /* AccountViewController.swift in Sources */ = {isa = PBXBuildFile; fileRef = 5A4499A41C7EAEAF002B31C8 /* AccountViewController.swift */; };
		5A4499A71C7EAEE4002B31C8 /* TrendingViewController.swift in Sources */ = {isa = PBXBuildFile; fileRef = 5A4499A61C7EAEE4002B31C8 /* TrendingViewController.swift */; };
		5A4499AA1C7EBA8B002B31C8 /* BaseTransition.swift in Sources */ = {isa = PBXBuildFile; fileRef = 5A4499A81C7EBA8B002B31C8 /* BaseTransition.swift */; };
		5A4499AB1C7EBA8B002B31C8 /* FadeTransition.swift in Sources */ = {isa = PBXBuildFile; fileRef = 5A4499A91C7EBA8B002B31C8 /* FadeTransition.swift */; };
/* End PBXBuildFile section */

/* Begin PBXContainerItemProxy section */
		5A4499801C7EA2E3002B31C8 /* PBXContainerItemProxy */ = {
			isa = PBXContainerItemProxy;
			containerPortal = 5A4499631C7EA2E3002B31C8 /* Project object */;
			proxyType = 1;
			remoteGlobalIDString = 5A44996A1C7EA2E3002B31C8;
			remoteInfo = Tumblr;
		};
		5A44998B1C7EA2E3002B31C8 /* PBXContainerItemProxy */ = {
			isa = PBXContainerItemProxy;
			containerPortal = 5A4499631C7EA2E3002B31C8 /* Project object */;
			proxyType = 1;
			remoteGlobalIDString = 5A44996A1C7EA2E3002B31C8;
			remoteInfo = Tumblr;
		};
/* End PBXContainerItemProxy section */

/* Begin PBXFileReference section */
		5A44996B1C7EA2E3002B31C8 /* Tumblr.app */ = {isa = PBXFileReference; explicitFileType = wrapper.application; includeInIndex = 0; path = Tumblr.app; sourceTree = BUILT_PRODUCTS_DIR; };
		5A44996E1C7EA2E3002B31C8 /* AppDelegate.swift */ = {isa = PBXFileReference; lastKnownFileType = sourcecode.swift; path = AppDelegate.swift; sourceTree = "<group>"; };
		5A4499701C7EA2E3002B31C8 /* ViewController.swift */ = {isa = PBXFileReference; lastKnownFileType = sourcecode.swift; path = ViewController.swift; sourceTree = "<group>"; };
		5A4499731C7EA2E3002B31C8 /* Base */ = {isa = PBXFileReference; lastKnownFileType = file.storyboard; name = Base; path = Base.lproj/Main.storyboard; sourceTree = "<group>"; };
		5A4499751C7EA2E3002B31C8 /* Assets.xcassets */ = {isa = PBXFileReference; lastKnownFileType = folder.assetcatalog; path = Assets.xcassets; sourceTree = "<group>"; };
		5A4499781C7EA2E3002B31C8 /* Base */ = {isa = PBXFileReference; lastKnownFileType = file.storyboard; name = Base; path = Base.lproj/LaunchScreen.storyboard; sourceTree = "<group>"; };
		5A44997A1C7EA2E3002B31C8 /* Info.plist */ = {isa = PBXFileReference; lastKnownFileType = text.plist.xml; path = Info.plist; sourceTree = "<group>"; };
		5A44997F1C7EA2E3002B31C8 /* TumblrTests.xctest */ = {isa = PBXFileReference; explicitFileType = wrapper.cfbundle; includeInIndex = 0; path = TumblrTests.xctest; sourceTree = BUILT_PRODUCTS_DIR; };
		5A4499831C7EA2E3002B31C8 /* TumblrTests.swift */ = {isa = PBXFileReference; lastKnownFileType = sourcecode.swift; path = TumblrTests.swift; sourceTree = "<group>"; };
		5A4499851C7EA2E3002B31C8 /* Info.plist */ = {isa = PBXFileReference; lastKnownFileType = text.plist.xml; path = Info.plist; sourceTree = "<group>"; };
		5A44998A1C7EA2E3002B31C8 /* TumblrUITests.xctest */ = {isa = PBXFileReference; explicitFileType = wrapper.cfbundle; includeInIndex = 0; path = TumblrUITests.xctest; sourceTree = BUILT_PRODUCTS_DIR; };
		5A44998E1C7EA2E3002B31C8 /* TumblrUITests.swift */ = {isa = PBXFileReference; lastKnownFileType = sourcecode.swift; path = TumblrUITests.swift; sourceTree = "<group>"; };
		5A4499901C7EA2E3002B31C8 /* Info.plist */ = {isa = PBXFileReference; lastKnownFileType = text.plist.xml; path = Info.plist; sourceTree = "<group>"; };
		5A44999C1C7EA3AB002B31C8 /* TapBarViewController.swift */ = {isa = PBXFileReference; fileEncoding = 4; lastKnownFileType = sourcecode.swift; path = TapBarViewController.swift; sourceTree = "<group>"; };
		5A44999E1C7EA6F5002B31C8 /* HomeViewController.swift */ = {isa = PBXFileReference; fileEncoding = 4; lastKnownFileType = sourcecode.swift; path = HomeViewController.swift; sourceTree = "<group>"; };
		5A4499A01C7EA9C3002B31C8 /* SearchViewController.swift */ = {isa = PBXFileReference; fileEncoding = 4; lastKnownFileType = sourcecode.swift; path = SearchViewController.swift; sourceTree = "<group>"; };
		5A4499A21C7EAA15002B31C8 /* ComposeViewController.swift */ = {isa = PBXFileReference; fileEncoding = 4; lastKnownFileType = sourcecode.swift; path = ComposeViewController.swift; sourceTree = "<group>"; };
		5A4499A41C7EAEAF002B31C8 /* AccountViewController.swift */ = {isa = PBXFileReference; fileEncoding = 4; lastKnownFileType = sourcecode.swift; path = AccountViewController.swift; sourceTree = "<group>"; };
		5A4499A61C7EAEE4002B31C8 /* TrendingViewController.swift */ = {isa = PBXFileReference; fileEncoding = 4; lastKnownFileType = sourcecode.swift; path = TrendingViewController.swift; sourceTree = "<group>"; };
		5A4499A81C7EBA8B002B31C8 /* BaseTransition.swift */ = {isa = PBXFileReference; fileEncoding = 4; lastKnownFileType = sourcecode.swift; name = BaseTransition.swift; path = "../../../../Downloads/Transition Files/BaseTransition.swift"; sourceTree = "<group>"; };
		5A4499A91C7EBA8B002B31C8 /* FadeTransition.swift */ = {isa = PBXFileReference; fileEncoding = 4; lastKnownFileType = sourcecode.swift; name = FadeTransition.swift; path = "../../../../Downloads/Transition Files/FadeTransition.swift"; sourceTree = "<group>"; };
/* End PBXFileReference section */

/* Begin PBXFrameworksBuildPhase section */
		5A4499681C7EA2E3002B31C8 /* Frameworks */ = {
			isa = PBXFrameworksBuildPhase;
			buildActionMask = 2147483647;
			files = (
			);
			runOnlyForDeploymentPostprocessing = 0;
		};
		5A44997C1C7EA2E3002B31C8 /* Frameworks */ = {
			isa = PBXFrameworksBuildPhase;
			buildActionMask = 2147483647;
			files = (
			);
			runOnlyForDeploymentPostprocessing = 0;
		};
		5A4499871C7EA2E3002B31C8 /* Frameworks */ = {
			isa = PBXFrameworksBuildPhase;
			buildActionMask = 2147483647;
			files = (
			);
			runOnlyForDeploymentPostprocessing = 0;
		};
/* End PBXFrameworksBuildPhase section */

/* Begin PBXGroup section */
		5A4499621C7EA2E3002B31C8 = {
			isa = PBXGroup;
			children = (
				5A44996D1C7EA2E3002B31C8 /* Tumblr */,
				5A4499821C7EA2E3002B31C8 /* TumblrTests */,
				5A44998D1C7EA2E3002B31C8 /* TumblrUITests */,
				5A44996C1C7EA2E3002B31C8 /* Products */,
			);
			sourceTree = "<group>";
		};
		5A44996C1C7EA2E3002B31C8 /* Products */ = {
			isa = PBXGroup;
			children = (
				5A44996B1C7EA2E3002B31C8 /* Tumblr.app */,
				5A44997F1C7EA2E3002B31C8 /* TumblrTests.xctest */,
				5A44998A1C7EA2E3002B31C8 /* TumblrUITests.xctest */,
			);
			name = Products;
			sourceTree = "<group>";
		};
		5A44996D1C7EA2E3002B31C8 /* Tumblr */ = {
			isa = PBXGroup;
			children = (
				5A44996E1C7EA2E3002B31C8 /* AppDelegate.swift */,
				5A4499701C7EA2E3002B31C8 /* ViewController.swift */,
				5A4499721C7EA2E3002B31C8 /* Main.storyboard */,
				5A4499A81C7EBA8B002B31C8 /* BaseTransition.swift */,
				5A4499A91C7EBA8B002B31C8 /* FadeTransition.swift */,
				5A4499751C7EA2E3002B31C8 /* Assets.xcassets */,
				5A4499771C7EA2E3002B31C8 /* LaunchScreen.storyboard */,
				5A44997A1C7EA2E3002B31C8 /* Info.plist */,
				5A44999C1C7EA3AB002B31C8 /* TapBarViewController.swift */,
				5A44999E1C7EA6F5002B31C8 /* HomeViewController.swift */,
				5A4499A01C7EA9C3002B31C8 /* SearchViewController.swift */,
				5A4499A21C7EAA15002B31C8 /* ComposeViewController.swift */,
				5A4499A41C7EAEAF002B31C8 /* AccountViewController.swift */,
				5A4499A61C7EAEE4002B31C8 /* TrendingViewController.swift */,
			);
			path = Tumblr;
			sourceTree = "<group>";
		};
		5A4499821C7EA2E3002B31C8 /* TumblrTests */ = {
			isa = PBXGroup;
			children = (
				5A4499831C7EA2E3002B31C8 /* TumblrTests.swift */,
				5A4499851C7EA2E3002B31C8 /* Info.plist */,
			);
			path = TumblrTests;
			sourceTree = "<group>";
		};
		5A44998D1C7EA2E3002B31C8 /* TumblrUITests */ = {
			isa = PBXGroup;
			children = (
				5A44998E1C7EA2E3002B31C8 /* TumblrUITests.swift */,
				5A4499901C7EA2E3002B31C8 /* Info.plist */,
			);
			path = TumblrUITests;
			sourceTree = "<group>";
		};
/* End PBXGroup section */

/* Begin PBXNativeTarget section */
		5A44996A1C7EA2E3002B31C8 /* Tumblr */ = {
			isa = PBXNativeTarget;
			buildConfigurationList = 5A4499931C7EA2E3002B31C8 /* Build configuration list for PBXNativeTarget "Tumblr" */;
			buildPhases = (
				5A4499671C7EA2E3002B31C8 /* Sources */,
				5A4499681C7EA2E3002B31C8 /* Frameworks */,
				5A4499691C7EA2E3002B31C8 /* Resources */,
			);
			buildRules = (
			);
			dependencies = (
			);
			name = Tumblr;
			productName = Tumblr;
			productReference = 5A44996B1C7EA2E3002B31C8 /* Tumblr.app */;
			productType = "com.apple.product-type.application";
		};
		5A44997E1C7EA2E3002B31C8 /* TumblrTests */ = {
			isa = PBXNativeTarget;
			buildConfigurationList = 5A4499961C7EA2E3002B31C8 /* Build configuration list for PBXNativeTarget "TumblrTests" */;
			buildPhases = (
				5A44997B1C7EA2E3002B31C8 /* Sources */,
				5A44997C1C7EA2E3002B31C8 /* Frameworks */,
				5A44997D1C7EA2E3002B31C8 /* Resources */,
			);
			buildRules = (
			);
			dependencies = (
				5A4499811C7EA2E3002B31C8 /* PBXTargetDependency */,
			);
			name = TumblrTests;
			productName = TumblrTests;
			productReference = 5A44997F1C7EA2E3002B31C8 /* TumblrTests.xctest */;
			productType = "com.apple.product-type.bundle.unit-test";
		};
		5A4499891C7EA2E3002B31C8 /* TumblrUITests */ = {
			isa = PBXNativeTarget;
			buildConfigurationList = 5A4499991C7EA2E3002B31C8 /* Build configuration list for PBXNativeTarget "TumblrUITests" */;
			buildPhases = (
				5A4499861C7EA2E3002B31C8 /* Sources */,
				5A4499871C7EA2E3002B31C8 /* Frameworks */,
				5A4499881C7EA2E3002B31C8 /* Resources */,
			);
			buildRules = (
			);
			dependencies = (
				5A44998C1C7EA2E3002B31C8 /* PBXTargetDependency */,
			);
			name = TumblrUITests;
			productName = TumblrUITests;
			productReference = 5A44998A1C7EA2E3002B31C8 /* TumblrUITests.xctest */;
			productType = "com.apple.product-type.bundle.ui-testing";
		};
/* End PBXNativeTarget section */

/* Begin PBXProject section */
		5A4499631C7EA2E3002B31C8 /* Project object */ = {
			isa = PBXProject;
			attributes = {
				LastSwiftUpdateCheck = 0720;
				LastUpgradeCheck = 0720;
				ORGANIZATIONNAME = "Ashkhen Sargsyan";
				TargetAttributes = {
					5A44996A1C7EA2E3002B31C8 = {
						CreatedOnToolsVersion = 7.2;
						DevelopmentTeam = WD3L3KWM4G;
					};
					5A44997E1C7EA2E3002B31C8 = {
						CreatedOnToolsVersion = 7.2;
						DevelopmentTeam = WD3L3KWM4G;
						TestTargetID = 5A44996A1C7EA2E3002B31C8;
					};
					5A4499891C7EA2E3002B31C8 = {
						CreatedOnToolsVersion = 7.2;
						DevelopmentTeam = WD3L3KWM4G;
						TestTargetID = 5A44996A1C7EA2E3002B31C8;
					};
				};
			};
			buildConfigurationList = 5A4499661C7EA2E3002B31C8 /* Build configuration list for PBXProject "Tumblr" */;
			compatibilityVersion = "Xcode 3.2";
			developmentRegion = English;
			hasScannedForEncodings = 0;
			knownRegions = (
				en,
				Base,
			);
			mainGroup = 5A4499621C7EA2E3002B31C8;
			productRefGroup = 5A44996C1C7EA2E3002B31C8 /* Products */;
			projectDirPath = "";
			projectRoot = "";
			targets = (
				5A44996A1C7EA2E3002B31C8 /* Tumblr */,
				5A44997E1C7EA2E3002B31C8 /* TumblrTests */,
				5A4499891C7EA2E3002B31C8 /* TumblrUITests */,
			);
		};
/* End PBXProject section */

/* Begin PBXResourcesBuildPhase section */
		5A4499691C7EA2E3002B31C8 /* Resources */ = {
			isa = PBXResourcesBuildPhase;
			buildActionMask = 2147483647;
			files = (
				5A4499791C7EA2E3002B31C8 /* LaunchScreen.storyboard in Resources */,
				5A4499761C7EA2E3002B31C8 /* Assets.xcassets in Resources */,
				5A4499741C7EA2E3002B31C8 /* Main.storyboard in Resources */,
			);
			runOnlyForDeploymentPostprocessing = 0;
		};
		5A44997D1C7EA2E3002B31C8 /* Resources */ = {
			isa = PBXResourcesBuildPhase;
			buildActionMask = 2147483647;
			files = (
			);
			runOnlyForDeploymentPostprocessing = 0;
		};
		5A4499881C7EA2E3002B31C8 /* Resources */ = {
			isa = PBXResourcesBuildPhase;
			buildActionMask = 2147483647;
			files = (
			);
			runOnlyForDeploymentPostprocessing = 0;
		};
/* End PBXResourcesBuildPhase section */

/* Begin PBXSourcesBuildPhase section */
		5A4499671C7EA2E3002B31C8 /* Sources */ = {
			isa = PBXSourcesBuildPhase;
			buildActionMask = 2147483647;
			files = (
				5A4499A11C7EA9C3002B31C8 /* SearchViewController.swift in Sources */,
				5A4499A71C7EAEE4002B31C8 /* TrendingViewController.swift in Sources */,
				5A4499711C7EA2E3002B31C8 /* ViewController.swift in Sources */,
				5A4499A51C7EAEAF002B31C8 /* AccountViewController.swift in Sources */,
				5A4499AA1C7EBA8B002B31C8 /* BaseTransition.swift in Sources */,
				5A44996F1C7EA2E3002B31C8 /* AppDelegate.swift in Sources */,
				5A4499AB1C7EBA8B002B31C8 /* FadeTransition.swift in Sources */,
				5A4499A31C7EAA15002B31C8 /* ComposeViewController.swift in Sources */,
				5A44999D1C7EA3AB002B31C8 /* TapBarViewController.swift in Sources */,
				5A44999F1C7EA6F5002B31C8 /* HomeViewController.swift in Sources */,
			);
			runOnlyForDeploymentPostprocessing = 0;
		};
		5A44997B1C7EA2E3002B31C8 /* Sources */ = {
			isa = PBXSourcesBuildPhase;
			buildActionMask = 2147483647;
			files = (
				5A4499841C7EA2E3002B31C8 /* TumblrTests.swift in Sources */,
			);
			runOnlyForDeploymentPostprocessing = 0;
		};
		5A4499861C7EA2E3002B31C8 /* Sources */ = {
			isa = PBXSourcesBuildPhase;
			buildActionMask = 2147483647;
			files = (
				5A44998F1C7EA2E3002B31C8 /* TumblrUITests.swift in Sources */,
			);
			runOnlyForDeploymentPostprocessing = 0;
		};
/* End PBXSourcesBuildPhase section */

/* Begin PBXTargetDependency section */
		5A4499811C7EA2E3002B31C8 /* PBXTargetDependency */ = {
			isa = PBXTargetDependency;
			target = 5A44996A1C7EA2E3002B31C8 /* Tumblr */;
			targetProxy = 5A4499801C7EA2E3002B31C8 /* PBXContainerItemProxy */;
		};
		5A44998C1C7EA2E3002B31C8 /* PBXTargetDependency */ = {
			isa = PBXTargetDependency;
			target = 5A44996A1C7EA2E3002B31C8 /* Tumblr */;
			targetProxy = 5A44998B1C7EA2E3002B31C8 /* PBXContainerItemProxy */;
		};
/* End PBXTargetDependency section */

/* Begin PBXVariantGroup section */
		5A4499721C7EA2E3002B31C8 /* Main.storyboard */ = {
			isa = PBXVariantGroup;
			children = (
				5A4499731C7EA2E3002B31C8 /* Base */,
			);
			name = Main.storyboard;
			sourceTree = "<group>";
		};
		5A4499771C7EA2E3002B31C8 /* LaunchScreen.storyboard */ = {
			isa = PBXVariantGroup;
			children = (
				5A4499781C7EA2E3002B31C8 /* Base */,
			);
			name = LaunchScreen.storyboard;
			sourceTree = "<group>";
		};
/* End PBXVariantGroup section */

/* Begin XCBuildConfiguration section */
		5A4499911C7EA2E3002B31C8 /* Debug */ = {
			isa = XCBuildConfiguration;
			buildSettings = {
				ALWAYS_SEARCH_USER_PATHS = NO;
				CLANG_CXX_LANGUAGE_STANDARD = "gnu++0x";
				CLANG_CXX_LIBRARY = "libc++";
				CLANG_ENABLE_MODULES = YES;
				CLANG_ENABLE_OBJC_ARC = YES;
				CLANG_WARN_BOOL_CONVERSION = YES;
				CLANG_WARN_CONSTANT_CONVERSION = YES;
				CLANG_WARN_DIRECT_OBJC_ISA_USAGE = YES_ERROR;
				CLANG_WARN_EMPTY_BODY = YES;
				CLANG_WARN_ENUM_CONVERSION = YES;
				CLANG_WARN_INT_CONVERSION = YES;
				CLANG_WARN_OBJC_ROOT_CLASS = YES_ERROR;
				CLANG_WARN_UNREACHABLE_CODE = YES;
				CLANG_WARN__DUPLICATE_METHOD_MATCH = YES;
				"CODE_SIGN_IDENTITY[sdk=iphoneos*]" = "iPhone Developer";
				COPY_PHASE_STRIP = NO;
				DEBUG_INFORMATION_FORMAT = dwarf;
				ENABLE_STRICT_OBJC_MSGSEND = YES;
				ENABLE_TESTABILITY = YES;
				GCC_C_LANGUAGE_STANDARD = gnu99;
				GCC_DYNAMIC_NO_PIC = NO;
				GCC_NO_COMMON_BLOCKS = YES;
				GCC_OPTIMIZATION_LEVEL = 0;
				GCC_PREPROCESSOR_DEFINITIONS = (
					"DEBUG=1",
					"$(inherited)",
				);
				GCC_WARN_64_TO_32_BIT_CONVERSION = YES;
				GCC_WARN_ABOUT_RETURN_TYPE = YES_ERROR;
				GCC_WARN_UNDECLARED_SELECTOR = YES;
				GCC_WARN_UNINITIALIZED_AUTOS = YES_AGGRESSIVE;
				GCC_WARN_UNUSED_FUNCTION = YES;
				GCC_WARN_UNUSED_VARIABLE = YES;
				IPHONEOS_DEPLOYMENT_TARGET = 9.2;
				MTL_ENABLE_DEBUG_INFO = YES;
				ONLY_ACTIVE_ARCH = YES;
				SDKROOT = iphoneos;
				SWIFT_OPTIMIZATION_LEVEL = "-Onone";
			};
			name = Debug;
		};
		5A4499921C7EA2E3002B31C8 /* Release */ = {
			isa = XCBuildConfiguration;
			buildSettings = {
				ALWAYS_SEARCH_USER_PATHS = NO;
				CLANG_CXX_LANGUAGE_STANDARD = "gnu++0x";
				CLANG_CXX_LIBRARY = "libc++";
				CLANG_ENABLE_MODULES = YES;
				CLANG_ENABLE_OBJC_ARC = YES;
				CLANG_WARN_BOOL_CONVERSION = YES;
				CLANG_WARN_CONSTANT_CONVERSION = YES;
				CLANG_WARN_DIRECT_OBJC_ISA_USAGE = YES_ERROR;
				CLANG_WARN_EMPTY_BODY = YES;
				CLANG_WARN_ENUM_CONVERSION = YES;
				CLANG_WARN_INT_CONVERSION = YES;
				CLANG_WARN_OBJC_ROOT_CLASS = YES_ERROR;
				CLANG_WARN_UNREACHABLE_CODE = YES;
				CLANG_WARN__DUPLICATE_METHOD_MATCH = YES;
				"CODE_SIGN_IDENTITY[sdk=iphoneos*]" = "iPhone Developer";
				COPY_PHASE_STRIP = NO;
				DEBUG_INFORMATION_FORMAT = "dwarf-with-dsym";
				ENABLE_NS_ASSERTIONS = NO;
				ENABLE_STRICT_OBJC_MSGSEND = YES;
				GCC_C_LANGUAGE_STANDARD = gnu99;
				GCC_NO_COMMON_BLOCKS = YES;
				GCC_WARN_64_TO_32_BIT_CONVERSION = YES;
				GCC_WARN_ABOUT_RETURN_TYPE = YES_ERROR;
				GCC_WARN_UNDECLARED_SELECTOR = YES;
				GCC_WARN_UNINITIALIZED_AUTOS = YES_AGGRESSIVE;
				GCC_WARN_UNUSED_FUNCTION = YES;
				GCC_WARN_UNUSED_VARIABLE = YES;
				IPHONEOS_DEPLOYMENT_TARGET = 9.2;
				MTL_ENABLE_DEBUG_INFO = NO;
				SDKROOT = iphoneos;
				VALIDATE_PRODUCT = YES;
			};
			name = Release;
		};
		5A4499941C7EA2E3002B31C8 /* Debug */ = {
			isa = XCBuildConfiguration;
			buildSettings = {
				ASSETCATALOG_COMPILER_APPICON_NAME = AppIcon;
				INFOPLIST_FILE = Tumblr/Info.plist;
				LD_RUNPATH_SEARCH_PATHS = "$(inherited) @executable_path/Frameworks";
				PRODUCT_BUNDLE_IDENTIFIER = io.a5.Tumblr;
				PRODUCT_NAME = "$(TARGET_NAME)";
			};
			name = Debug;
		};
		5A4499951C7EA2E3002B31C8 /* Release */ = {
			isa = XCBuildConfiguration;
			buildSettings = {
				ASSETCATALOG_COMPILER_APPICON_NAME = AppIcon;
				INFOPLIST_FILE = Tumblr/Info.plist;
				LD_RUNPATH_SEARCH_PATHS = "$(inherited) @executable_path/Frameworks";
				PRODUCT_BUNDLE_IDENTIFIER = io.a5.Tumblr;
				PRODUCT_NAME = "$(TARGET_NAME)";
			};
			name = Release;
		};
		5A4499971C7EA2E3002B31C8 /* Debug */ = {
			isa = XCBuildConfiguration;
			buildSettings = {
				BUNDLE_LOADER = "$(TEST_HOST)";
				INFOPLIST_FILE = TumblrTests/Info.plist;
				LD_RUNPATH_SEARCH_PATHS = "$(inherited) @executable_path/Frameworks @loader_path/Frameworks";
				PRODUCT_BUNDLE_IDENTIFIER = io.a5.TumblrTests;
				PRODUCT_NAME = "$(TARGET_NAME)";
				TEST_HOST = "$(BUILT_PRODUCTS_DIR)/Tumblr.app/Tumblr";
			};
			name = Debug;
		};
		5A4499981C7EA2E3002B31C8 /* Release */ = {
			isa = XCBuildConfiguration;
			buildSettings = {
				BUNDLE_LOADER = "$(TEST_HOST)";
				INFOPLIST_FILE = TumblrTests/Info.plist;
				LD_RUNPATH_SEARCH_PATHS = "$(inherited) @executable_path/Frameworks @loader_path/Frameworks";
				PRODUCT_BUNDLE_IDENTIFIER = io.a5.TumblrTests;
				PRODUCT_NAME = "$(TARGET_NAME)";
				TEST_HOST = "$(BUILT_PRODUCTS_DIR)/Tumblr.app/Tumblr";
			};
			name = Release;
		};
		5A44999A1C7EA2E3002B31C8 /* Debug */ = {
			isa = XCBuildConfiguration;
			buildSettings = {
				INFOPLIST_FILE = TumblrUITests/Info.plist;
				LD_RUNPATH_SEARCH_PATHS = "$(inherited) @executable_path/Frameworks @loader_path/Frameworks";
				PRODUCT_BUNDLE_IDENTIFIER = io.a5.TumblrUITests;
				PRODUCT_NAME = "$(TARGET_NAME)";
				TEST_TARGET_NAME = Tumblr;
				USES_XCTRUNNER = YES;
			};
			name = Debug;
		};
		5A44999B1C7EA2E3002B31C8 /* Release */ = {
			isa = XCBuildConfiguration;
			buildSettings = {
				INFOPLIST_FILE = TumblrUITests/Info.plist;
				LD_RUNPATH_SEARCH_PATHS = "$(inherited) @executable_path/Frameworks @loader_path/Frameworks";
				PRODUCT_BUNDLE_IDENTIFIER = io.a5.TumblrUITests;
				PRODUCT_NAME = "$(TARGET_NAME)";
				TEST_TARGET_NAME = Tumblr;
				USES_XCTRUNNER = YES;
			};
			name = Release;
		};
/* End XCBuildConfiguration section */

/* Begin XCConfigurationList section */
		5A4499661C7EA2E3002B31C8 /* Build configuration list for PBXProject "Tumblr" */ = {
			isa = XCConfigurationList;
			buildConfigurations = (
				5A4499911C7EA2E3002B31C8 /* Debug */,
				5A4499921C7EA2E3002B31C8 /* Release */,
			);
			defaultConfigurationIsVisible = 0;
			defaultConfigurationName = Release;
		};
		5A4499931C7EA2E3002B31C8 /* Build configuration list for PBXNativeTarget "Tumblr" */ = {
			isa = XCConfigurationList;
			buildConfigurations = (
				5A4499941C7EA2E3002B31C8 /* Debug */,
				5A4499951C7EA2E3002B31C8 /* Release */,
			);
			defaultConfigurationIsVisible = 0;
		};
		5A4499961C7EA2E3002B31C8 /* Build configuration list for PBXNativeTarget "TumblrTests" */ = {
			isa = XCConfigurationList;
			buildConfigurations = (
				5A4499971C7EA2E3002B31C8 /* Debug */,
				5A4499981C7EA2E3002B31C8 /* Release */,
			);
			defaultConfigurationIsVisible = 0;
		};
		5A4499991C7EA2E3002B31C8 /* Build configuration list for PBXNativeTarget "TumblrUITests" */ = {
			isa = XCConfigurationList;
			buildConfigurations = (
				5A44999A1C7EA2E3002B31C8 /* Debug */,
				5A44999B1C7EA2E3002B31C8 /* Release */,
			);
			defaultConfigurationIsVisible = 0;
		};
/* End XCConfigurationList section */
	};
	rootObject = 5A4499631C7EA2E3002B31C8 /* Project object */;
}
